// !$*UTF8*$!
{
	archiveVersion = 1;
	classes = {
	};
	objectVersion = 51;
	objects = {

/* Begin PBXBuildFile section */
		64F0B586C4A5AF420403164F /* Pods_godoGoogleLogin.framework in Frameworks */ = {isa = PBXBuildFile; fileRef = 8C5CBE21D541321FDC2CB29C /* Pods_godoGoogleLogin.framework */; };
		F12E1B3827212BDB001CB6F4 /* AppDelegate.swift in Sources */ = {isa = PBXBuildFile; fileRef = F12E1B3727212BDB001CB6F4 /* AppDelegate.swift */; };
		F12E1B3A27212BDB001CB6F4 /* SceneDelegate.swift in Sources */ = {isa = PBXBuildFile; fileRef = F12E1B3927212BDB001CB6F4 /* SceneDelegate.swift */; };
		F12E1B3C27212BDB001CB6F4 /* ViewController.swift in Sources */ = {isa = PBXBuildFile; fileRef = F12E1B3B27212BDB001CB6F4 /* ViewController.swift */; };
		F12E1B3F27212BDB001CB6F4 /* Main.storyboard in Resources */ = {isa = PBXBuildFile; fileRef = F12E1B3D27212BDB001CB6F4 /* Main.storyboard */; };
		F12E1B4127212BDC001CB6F4 /* Assets.xcassets in Resources */ = {isa = PBXBuildFile; fileRef = F12E1B4027212BDC001CB6F4 /* Assets.xcassets */; };
		F12E1B4427212BDC001CB6F4 /* LaunchScreen.storyboard in Resources */ = {isa = PBXBuildFile; fileRef = F12E1B4227212BDC001CB6F4 /* LaunchScreen.storyboard */; };
		F12E1B4E27212C6C001CB6F4 /* GoogleService-Info.plist in Resources */ = {isa = PBXBuildFile; fileRef = F12E1B4D27212C6C001CB6F4 /* GoogleService-Info.plist */; };
/* End PBXBuildFile section */

/* Begin PBXFileReference section */
		0EDA8E16A99A0ADEC00B13D8 /* Pods-godoGoogleLogin.release.xcconfig */ = {isa = PBXFileReference; includeInIndex = 1; lastKnownFileType = text.xcconfig; name = "Pods-godoGoogleLogin.release.xcconfig"; path = "Target Support Files/Pods-godoGoogleLogin/Pods-godoGoogleLogin.release.xcconfig"; sourceTree = "<group>"; };
		46E6792FCE9AC1EB10A6C34E /* Pods-godoGoogleLogin.debug.xcconfig */ = {isa = PBXFileReference; includeInIndex = 1; lastKnownFileType = text.xcconfig; name = "Pods-godoGoogleLogin.debug.xcconfig"; path = "Target Support Files/Pods-godoGoogleLogin/Pods-godoGoogleLogin.debug.xcconfig"; sourceTree = "<group>"; };
		8C5CBE21D541321FDC2CB29C /* Pods_godoGoogleLogin.framework */ = {isa = PBXFileReference; explicitFileType = wrapper.framework; includeInIndex = 0; path = Pods_godoGoogleLogin.framework; sourceTree = BUILT_PRODUCTS_DIR; };
		F12E1B3427212BDB001CB6F4 /* godoGoogleLogin.app */ = {isa = PBXFileReference; explicitFileType = wrapper.application; includeInIndex = 0; path = godoGoogleLogin.app; sourceTree = BUILT_PRODUCTS_DIR; };
		F12E1B3727212BDB001CB6F4 /* AppDelegate.swift */ = {isa = PBXFileReference; lastKnownFileType = sourcecode.swift; path = AppDelegate.swift; sourceTree = "<group>"; };
		F12E1B3927212BDB001CB6F4 /* SceneDelegate.swift */ = {isa = PBXFileReference; lastKnownFileType = sourcecode.swift; path = SceneDelegate.swift; sourceTree = "<group>"; };
		F12E1B3B27212BDB001CB6F4 /* ViewController.swift */ = {isa = PBXFileReference; lastKnownFileType = sourcecode.swift; path = ViewController.swift; sourceTree = "<group>"; };
		F12E1B3E27212BDB001CB6F4 /* Base */ = {isa = PBXFileReference; lastKnownFileType = file.storyboard; name = Base; path = Base.lproj/Main.storyboard; sourceTree = "<group>"; };
		F12E1B4027212BDC001CB6F4 /* Assets.xcassets */ = {isa = PBXFileReference; lastKnownFileType = folder.assetcatalog; path = Assets.xcassets; sourceTree = "<group>"; };
		F12E1B4327212BDC001CB6F4 /* Base */ = {isa = PBXFileReference; lastKnownFileType = file.storyboard; name = Base; path = Base.lproj/LaunchScreen.storyboard; sourceTree = "<group>"; };
		F12E1B4527212BDC001CB6F4 /* Info.plist */ = {isa = PBXFileReference; lastKnownFileType = text.plist.xml; path = Info.plist; sourceTree = "<group>"; };
		F12E1B4D27212C6C001CB6F4 /* GoogleService-Info.plist */ = {isa = PBXFileReference; fileEncoding = 4; lastKnownFileType = text.plist.xml; name = "GoogleService-Info.plist"; path = "../../../../Downloads/GoogleService-Info.plist"; sourceTree = "<group>"; };
/* End PBXFileReference section */

/* Begin PBXFrameworksBuildPhase section */
		F12E1B3127212BDB001CB6F4 /* Frameworks */ = {
			isa = PBXFrameworksBuildPhase;
			buildActionMask = 2147483647;
			files = (
				64F0B586C4A5AF420403164F /* Pods_godoGoogleLogin.framework in Frameworks */,
			);
			runOnlyForDeploymentPostprocessing = 0;
		};
/* End PBXFrameworksBuildPhase section */

/* Begin PBXGroup section */
		D351ED26587B751E611ED7AC /* Pods */ = {
			isa = PBXGroup;
			children = (
				46E6792FCE9AC1EB10A6C34E /* Pods-godoGoogleLogin.debug.xcconfig */,
				0EDA8E16A99A0ADEC00B13D8 /* Pods-godoGoogleLogin.release.xcconfig */,
			);
			path = Pods;
			sourceTree = "<group>";
		};
		F12E1B2B27212BDB001CB6F4 = {
			isa = PBXGroup;
			children = (
				F12E1B3627212BDB001CB6F4 /* godoGoogleLogin */,
				F12E1B3527212BDB001CB6F4 /* Products */,
				D351ED26587B751E611ED7AC /* Pods */,
				F8E1B1C21F62FF3B0DA716BF /* Frameworks */,
			);
			sourceTree = "<group>";
		};
		F12E1B3527212BDB001CB6F4 /* Products */ = {
			isa = PBXGroup;
			children = (
				F12E1B3427212BDB001CB6F4 /* godoGoogleLogin.app */,
			);
			name = Products;
			sourceTree = "<group>";
		};
		F12E1B3627212BDB001CB6F4 /* godoGoogleLogin */ = {
			isa = PBXGroup;
			children = (
				F12E1B3727212BDB001CB6F4 /* AppDelegate.swift */,
				F12E1B3927212BDB001CB6F4 /* SceneDelegate.swift */,
				F12E1B3B27212BDB001CB6F4 /* ViewController.swift */,
				F12E1B3D27212BDB001CB6F4 /* Main.storyboard */,
				F12E1B4027212BDC001CB6F4 /* Assets.xcassets */,
				F12E1B4227212BDC001CB6F4 /* LaunchScreen.storyboard */,
				F12E1B4D27212C6C001CB6F4 /* GoogleService-Info.plist */,
				F12E1B4527212BDC001CB6F4 /* Info.plist */,
			);
			path = godoGoogleLogin;
			sourceTree = "<group>";
		};
		F8E1B1C21F62FF3B0DA716BF /* Frameworks */ = {
			isa = PBXGroup;
			children = (
				8C5CBE21D541321FDC2CB29C /* Pods_godoGoogleLogin.framework */,
			);
			name = Frameworks;
			sourceTree = "<group>";
		};
/* End PBXGroup section */

/* Begin PBXNativeTarget section */
		F12E1B3327212BDB001CB6F4 /* godoGoogleLogin */ = {
			isa = PBXNativeTarget;
			buildConfigurationList = F12E1B4827212BDC001CB6F4 /* Build configuration list for PBXNativeTarget "godoGoogleLogin" */;
			buildPhases = (
				D03A3FBF21A289CEFE51B9CE /* [CP] Check Pods Manifest.lock */,
				F12E1B3027212BDB001CB6F4 /* Sources */,
				F12E1B3127212BDB001CB6F4 /* Frameworks */,
				F12E1B3227212BDB001CB6F4 /* Resources */,
				279F8DB4FD90F6A3421FBF47 /* [CP] Embed Pods Frameworks */,
			);
			buildRules = (
			);
			dependencies = (
			);
			name = godoGoogleLogin;
			productName = godoGoogleLogin;
			productReference = F12E1B3427212BDB001CB6F4 /* godoGoogleLogin.app */;
			productType = "com.apple.product-type.application";
		};
/* End PBXNativeTarget section */

/* Begin PBXProject section */
		F12E1B2C27212BDB001CB6F4 /* Project object */ = {
			isa = PBXProject;
			attributes = {
				LastSwiftUpdateCheck = 1250;
				LastUpgradeCheck = 1250;
				TargetAttributes = {
					F12E1B3327212BDB001CB6F4 = {
						CreatedOnToolsVersion = 12.5.1;
					};
				};
			};
			buildConfigurationList = F12E1B2F27212BDB001CB6F4 /* Build configuration list for PBXProject "godoGoogleLogin" */;
			compatibilityVersion = "Xcode 9.3";
			developmentRegion = en;
			hasScannedForEncodings = 0;
			knownRegions = (
				en,
				Base,
			);
			mainGroup = F12E1B2B27212BDB001CB6F4;
			productRefGroup = F12E1B3527212BDB001CB6F4 /* Products */;
			projectDirPath = "";
			projectRoot = "";
			targets = (
				F12E1B3327212BDB001CB6F4 /* godoGoogleLogin */,
			);
		};
/* End PBXProject section */

/* Begin PBXResourcesBuildPhase section */
		F12E1B3227212BDB001CB6F4 /* Resources */ = {
			isa = PBXResourcesBuildPhase;
			buildActionMask = 2147483647;
			files = (
				F12E1B4427212BDC001CB6F4 /* LaunchScreen.storyboard in Resources */,
				F12E1B4E27212C6C001CB6F4 /* GoogleService-Info.plist in Resources */,
				F12E1B4127212BDC001CB6F4 /* Assets.xcassets in Resources */,
				F12E1B3F27212BDB001CB6F4 /* Main.storyboard in Resources */,
			);
			runOnlyForDeploymentPostprocessing = 0;
		};
/* End PBXResourcesBuildPhase section */

/* Begin PBXShellScriptBuildPhase section */
		279F8DB4FD90F6A3421FBF47 /* [CP] Embed Pods Frameworks */ = {
			isa = PBXShellScriptBuildPhase;
			buildActionMask = 2147483647;
			files = (
			);
			inputFileListPaths = (
				"${PODS_ROOT}/Target Support Files/Pods-godoGoogleLogin/Pods-godoGoogleLogin-frameworks-${CONFIGURATION}-input-files.xcfilelist",
			);
			name = "[CP] Embed Pods Frameworks";
			outputFileListPaths = (
				"${PODS_ROOT}/Target Support Files/Pods-godoGoogleLogin/Pods-godoGoogleLogin-frameworks-${CONFIGURATION}-output-files.xcfilelist",
			);
			runOnlyForDeploymentPostprocessing = 0;
			shellPath = /bin/sh;
			shellScript = "\"${PODS_ROOT}/Target Support Files/Pods-godoGoogleLogin/Pods-godoGoogleLogin-frameworks.sh\"\n";
			showEnvVarsInLog = 0;
		};
		D03A3FBF21A289CEFE51B9CE /* [CP] Check Pods Manifest.lock */ = {
			isa = PBXShellScriptBuildPhase;
			buildActionMask = 2147483647;
			files = (
			);
			inputFileListPaths = (
			);
			inputPaths = (
				"${PODS_PODFILE_DIR_PATH}/Podfile.lock",
				"${PODS_ROOT}/Manifest.lock",
			);
			name = "[CP] Check Pods Manifest.lock";
			outputFileListPaths = (
			);
			outputPaths = (
				"$(DERIVED_FILE_DIR)/Pods-godoGoogleLogin-checkManifestLockResult.txt",
			);
			runOnlyForDeploymentPostprocessing = 0;
			shellPath = /bin/sh;
			shellScript = "diff \"${PODS_PODFILE_DIR_PATH}/Podfile.lock\" \"${PODS_ROOT}/Manifest.lock\" > /dev/null\nif [ $? != 0 ] ; then\n    # print error to STDERR\n    echo \"error: The sandbox is not in sync with the Podfile.lock. Run 'pod install' or update your CocoaPods installation.\" >&2\n    exit 1\nfi\n# This output is used by Xcode 'outputs' to avoid re-running this script phase.\necho \"SUCCESS\" > \"${SCRIPT_OUTPUT_FILE_0}\"\n";
			showEnvVarsInLog = 0;
		};
/* End PBXShellScriptBuildPhase section */

/* Begin PBXSourcesBuildPhase section */
		F12E1B3027212BDB001CB6F4 /* Sources */ = {
			isa = PBXSourcesBuildPhase;
			buildActionMask = 2147483647;
			files = (
				F12E1B3C27212BDB001CB6F4 /* ViewController.swift in Sources */,
				F12E1B3827212BDB001CB6F4 /* AppDelegate.swift in Sources */,
				F12E1B3A27212BDB001CB6F4 /* SceneDelegate.swift in Sources */,
			);
			runOnlyForDeploymentPostprocessing = 0;
		};
/* End PBXSourcesBuildPhase section */

/* Begin PBXVariantGroup section */
		F12E1B3D27212BDB001CB6F4 /* Main.storyboard */ = {
			isa = PBXVariantGroup;
			children = (
				F12E1B3E27212BDB001CB6F4 /* Base */,
			);
			name = Main.storyboard;
			sourceTree = "<group>";
		};
		F12E1B4227212BDC001CB6F4 /* LaunchScreen.storyboard */ = {
			isa = PBXVariantGroup;
			children = (
				F12E1B4327212BDC001CB6F4 /* Base */,
			);
			name = LaunchScreen.storyboard;
			sourceTree = "<group>";
		};
/* End PBXVariantGroup section */

/* Begin XCBuildConfiguration section */
		F12E1B4627212BDC001CB6F4 /* Debug */ = {
			isa = XCBuildConfiguration;
			buildSettings = {
				ALWAYS_SEARCH_USER_PATHS = NO;
				CLANG_ANALYZER_NONNULL = YES;
				CLANG_ANALYZER_NUMBER_OBJECT_CONVERSION = YES_AGGRESSIVE;
				CLANG_CXX_LANGUAGE_STANDARD = "gnu++14";
				CLANG_CXX_LIBRARY = "libc++";
				CLANG_ENABLE_MODULES = YES;
				CLANG_ENABLE_OBJC_ARC = YES;
				CLANG_ENABLE_OBJC_WEAK = YES;
				CLANG_WARN_BLOCK_CAPTURE_AUTORELEASING = YES;
				CLANG_WARN_BOOL_CONVERSION = YES;
				CLANG_WARN_COMMA = YES;
				CLANG_WARN_CONSTANT_CONVERSION = YES;
				CLANG_WARN_DEPRECATED_OBJC_IMPLEMENTATIONS = YES;
				CLANG_WARN_DIRECT_OBJC_ISA_USAGE = YES_ERROR;
				CLANG_WARN_DOCUMENTATION_COMMENTS = YES;
				CLANG_WARN_EMPTY_BODY = YES;
				CLANG_WARN_ENUM_CONVERSION = YES;
				CLANG_WARN_INFINITE_RECURSION = YES;
				CLANG_WARN_INT_CONVERSION = YES;
				CLANG_WARN_NON_LITERAL_NULL_CONVERSION = YES;
				CLANG_WARN_OBJC_IMPLICIT_RETAIN_SELF = YES;
				CLANG_WARN_OBJC_LITERAL_CONVERSION = YES;
				CLANG_WARN_OBJC_ROOT_CLASS = YES_ERROR;
				CLANG_WARN_QUOTED_INCLUDE_IN_FRAMEWORK_HEADER = YES;
				CLANG_WARN_RANGE_LOOP_ANALYSIS = YES;
				CLANG_WARN_STRICT_PROTOTYPES = YES;
				CLANG_WARN_SUSPICIOUS_MOVE = YES;
				CLANG_WARN_UNGUARDED_AVAILABILITY = YES_AGGRESSIVE;
				CLANG_WARN_UNREACHABLE_CODE = YES;
				CLANG_WARN__DUPLICATE_METHOD_MATCH = YES;
				COPY_PHASE_STRIP = NO;
				DEBUG_INFORMATION_FORMAT = dwarf;
				ENABLE_STRICT_OBJC_MSGSEND = YES;
				ENABLE_TESTABILITY = YES;
				GCC_C_LANGUAGE_STANDARD = gnu11;
				GCC_DYNAMIC_NO_PIC = NO;
				GCC_NO_COMMON_BLOCKS = YES;
				GCC_OPTIMIZATION_LEVEL = 0;
				GCC_PREPROCESSOR_DEFINITIONS = (
					"DEBUG=1",
					"$(inherited)",
				);
				GCC_WARN_64_TO_32_BIT_CONVERSION = YES;
				GCC_WARN_ABOUT_RETURN_TYPE = YES_ERROR;
				GCC_WARN_UNDECLARED_SELECTOR = YES;
				GCC_WARN_UNINITIALIZED_AUTOS = YES_AGGRESSIVE;
				GCC_WARN_UNUSED_FUNCTION = YES;
				GCC_WARN_UNUSED_VARIABLE = YES;
				IPHONEOS_DEPLOYMENT_TARGET = 14.5;
				MTL_ENABLE_DEBUG_INFO = INCLUDE_SOURCE;
				MTL_FAST_MATH = YES;
				ONLY_ACTIVE_ARCH = YES;
				SDKROOT = iphoneos;
				SWIFT_ACTIVE_COMPILATION_CONDITIONS = DEBUG;
				SWIFT_OPTIMIZATION_LEVEL = "-Onone";
			};
			name = Debug;
		};
		F12E1B4727212BDC001CB6F4 /* Release */ = {
			isa = XCBuildConfiguration;
			buildSettings = {
				ALWAYS_SEARCH_USER_PATHS = NO;
				CLANG_ANALYZER_NONNULL = YES;
				CLANG_ANALYZER_NUMBER_OBJECT_CONVERSION = YES_AGGRESSIVE;
				CLANG_CXX_LANGUAGE_STANDARD = "gnu++14";
				CLANG_CXX_LIBRARY = "libc++";
				CLANG_ENABLE_MODULES = YES;
				CLANG_ENABLE_OBJC_ARC = YES;
				CLANG_ENABLE_OBJC_WEAK = YES;
				CLANG_WARN_BLOCK_CAPTURE_AUTORELEASING = YES;
				CLANG_WARN_BOOL_CONVERSION = YES;
				CLANG_WARN_COMMA = YES;
				CLANG_WARN_CONSTANT_CONVERSION = YES;
				CLANG_WARN_DEPRECATED_OBJC_IMPLEMENTATIONS = YES;
				CLANG_WARN_DIRECT_OBJC_ISA_USAGE = YES_ERROR;
				CLANG_WARN_DOCUMENTATION_COMMENTS = YES;
				CLANG_WARN_EMPTY_BODY = YES;
				CLANG_WARN_ENUM_CONVERSION = YES;
				CLANG_WARN_INFINITE_RECURSION = YES;
				CLANG_WARN_INT_CONVERSION = YES;
				CLANG_WARN_NON_LITERAL_NULL_CONVERSION = YES;
				CLANG_WARN_OBJC_IMPLICIT_RETAIN_SELF = YES;
				CLANG_WARN_OBJC_LITERAL_CONVERSION = YES;
				CLANG_WARN_OBJC_ROOT_CLASS = YES_ERROR;
				CLANG_WARN_QUOTED_INCLUDE_IN_FRAMEWORK_HEADER = YES;
				CLANG_WARN_RANGE_LOOP_ANALYSIS = YES;
				CLANG_WARN_STRICT_PROTOTYPES = YES;
				CLANG_WARN_SUSPICIOUS_MOVE = YES;
				CLANG_WARN_UNGUARDED_AVAILABILITY = YES_AGGRESSIVE;
				CLANG_WARN_UNREACHABLE_CODE = YES;
				CLANG_WARN__DUPLICATE_METHOD_MATCH = YES;
				COPY_PHASE_STRIP = NO;
				DEBUG_INFORMATION_FORMAT = "dwarf-with-dsym";
				ENABLE_NS_ASSERTIONS = NO;
				ENABLE_STRICT_OBJC_MSGSEND = YES;
				GCC_C_LANGUAGE_STANDARD = gnu11;
				GCC_NO_COMMON_BLOCKS = YES;
				GCC_WARN_64_TO_32_BIT_CONVERSION = YES;
				GCC_WARN_ABOUT_RETURN_TYPE = YES_ERROR;
				GCC_WARN_UNDECLARED_SELECTOR = YES;
				GCC_WARN_UNINITIALIZED_AUTOS = YES_AGGRESSIVE;
				GCC_WARN_UNUSED_FUNCTION = YES;
				GCC_WARN_UNUSED_VARIABLE = YES;
				IPHONEOS_DEPLOYMENT_TARGET = 14.5;
				MTL_ENABLE_DEBUG_INFO = NO;
				MTL_FAST_MATH = YES;
				SDKROOT = iphoneos;
				SWIFT_COMPILATION_MODE = wholemodule;
				SWIFT_OPTIMIZATION_LEVEL = "-O";
				VALIDATE_PRODUCT = YES;
			};
			name = Release;
		};
		F12E1B4927212BDC001CB6F4 /* Debug */ = {
			isa = XCBuildConfiguration;
			baseConfigurationReference = 46E6792FCE9AC1EB10A6C34E /* Pods-godoGoogleLogin.debug.xcconfig */;
			buildSettings = {
				ASSETCATALOG_COMPILER_APPICON_NAME = AppIcon;
				ASSETCATALOG_COMPILER_GLOBAL_ACCENT_COLOR_NAME = AccentColor;
				CODE_SIGN_STYLE = Automatic;
				INFOPLIST_FILE = godoGoogleLogin/Info.plist;
				LD_RUNPATH_SEARCH_PATHS = (
					"$(inherited)",
					"@executable_path/Frameworks",
				);
				PRODUCT_BUNDLE_IDENTIFIER = co.godo.godoGoogleLogin;
				PRODUCT_NAME = "$(TARGET_NAME)";
				SWIFT_VERSION = 5.0;
				TARGETED_DEVICE_FAMILY = "1,2";
			};
			name = Debug;
		};
		F12E1B4A27212BDC001CB6F4 /* Release */ = {
			isa = XCBuildConfiguration;
			baseConfigurationReference = 0EDA8E16A99A0ADEC00B13D8 /* Pods-godoGoogleLogin.release.xcconfig */;
			buildSettings = {
				ASSETCATALOG_COMPILER_APPICON_NAME = AppIcon;
				ASSETCATALOG_COMPILER_GLOBAL_ACCENT_COLOR_NAME = AccentColor;
				CODE_SIGN_STYLE = Automatic;
				INFOPLIST_FILE = godoGoogleLogin/Info.plist;
				LD_RUNPATH_SEARCH_PATHS = (
					"$(inherited)",
					"@executable_path/Frameworks",
				);
				PRODUCT_BUNDLE_IDENTIFIER = co.godo.godoGoogleLogin;
				PRODUCT_NAME = "$(TARGET_NAME)";
				SWIFT_VERSION = 5.0;
				TARGETED_DEVICE_FAMILY = "1,2";
			};
			name = Release;
		};
/* End XCBuildConfiguration section */

/* Begin XCConfigurationList section */
		F12E1B2F27212BDB001CB6F4 /* Build configuration list for PBXProject "godoGoogleLogin" */ = {
			isa = XCConfigurationList;
			buildConfigurations = (
				F12E1B4627212BDC001CB6F4 /* Debug */,
				F12E1B4727212BDC001CB6F4 /* Release */,
			);
			defaultConfigurationIsVisible = 0;
			defaultConfigurationName = Release;
		};
		F12E1B4827212BDC001CB6F4 /* Build configuration list for PBXNativeTarget "godoGoogleLogin" */ = {
			isa = XCConfigurationList;
			buildConfigurations = (
				F12E1B4927212BDC001CB6F4 /* Debug */,
				F12E1B4A27212BDC001CB6F4 /* Release */,
			);
			defaultConfigurationIsVisible = 0;
			defaultConfigurationName = Release;
		};
/* End XCConfigurationList section */
	};
	rootObject = F12E1B2C27212BDB001CB6F4 /* Project object */;
}
